
Microsoft Visual Studio Solution File, Format Version 12.00
# Visual Studio Version 16
VisualStudioVersion = 16.0.32002.261
MinimumVisualStudioVersion = 10.0.40219.1
Project("{FAE04EC0-301F-11D3-BF4B-00C04F79EFBC}") = "XamarinFormsBackgroudNRE.Android", "XamarinFormsBackgroudNRE\XamarinFormsBackgroudNRE.Android\XamarinFormsBackgroudNRE.Android.csproj", "{C038F844-CBBB-4A87-86CE-A2EE57040E36}"
EndProject
Project("{FAE04EC0-301F-11D3-BF4B-00C04F79EFBC}") = "XamarinFormsBackgroudNRE.iOS", "XamarinFormsBackgroudNRE\XamarinFormsBackgroudNRE.iOS\XamarinFormsBackgroudNRE.iOS.csproj", "{CC100190-0DA2-4091-9350-D4510B9F3291}"
EndProject
Project("{FAE04EC0-301F-11D3-BF4B-00C04F79EFBC}") = "XamarinFormsBackgroudNRE", "XamarinFormsBackgroudNRE\XamarinFormsBackgroudNRE\XamarinFormsBackgroudNRE.csproj", "{09C07595-8CDC-4582-881D-01B46F95FE33}"
EndProject
Global
	GlobalSection(SolutionConfigurationPlatforms) = preSolution
		Debug|Any CPU = Debug|Any CPU
		Debug|iPhone = Debug|iPhone
		Debug|iPhoneSimulator = Debug|iPhoneSimulator
		Release|Any CPU = Release|Any CPU
		Release|iPhone = Release|iPhone
		Release|iPhoneSimulator = Release|iPhoneSimulator
	EndGlobalSection
	GlobalSection(ProjectConfigurationPlatforms) = postSolution
		{C038F844-CBBB-4A87-86CE-A2EE57040E36}.Debug|Any CPU.ActiveCfg = Debug|Any CPU
		{C038F844-CBBB-4A87-86CE-A2EE57040E36}.Debug|Any CPU.Build.0 = Debug|Any CPU
		{C038F844-CBBB-4A87-86CE-A2EE57040E36}.Debug|Any CPU.Deploy.0 = Debug|Any CPU
		{C038F844-CBBB-4A87-86CE-A2EE57040E36}.Debug|iPhone.ActiveCfg = Debug|Any CPU
		{C038F844-CBBB-4A87-86CE-A2EE57040E36}.Debug|iPhone.Build.0 = Debug|Any CPU
		{C038F844-CBBB-4A87-86CE-A2EE57040E36}.Debug|iPhone.Deploy.0 = Debug|Any CPU
		{C038F844-CBBB-4A87-86CE-A2EE57040E36}.Debug|iPhoneSimulator.ActiveCfg = Debug|Any CPU
		{C038F844-CBBB-4A87-86CE-A2EE57040E36}.Debug|iPhoneSimulator.Build.0 = Debug|Any CPU
		{C038F844-CBBB-4A87-86CE-A2EE57040E36}.Debug|iPhoneSimulator.Deploy.0 = Debug|Any CPU
		{C038F844-CBBB-4A87-86CE-A2EE57040E36}.Release|Any CPU.ActiveCfg = Release|Any CPU
		{C038F844-CBBB-4A87-86CE-A2EE57040E36}.Release|Any CPU.Build.0 = Release|Any CPU
		{C038F844-CBBB-4A87-86CE-A2EE57040E36}.Release|Any CPU.Deploy.0 = Release|Any CPU
		{C038F844-CBBB-4A87-86CE-A2EE57040E36}.Release|iPhone.ActiveCfg = Release|Any CPU
		{C038F844-CBBB-4A87-86CE-A2EE57040E36}.Release|iPhone.Build.0 = Release|Any CPU
		{C038F844-CBBB-4A87-86CE-A2EE57040E36}.Release|iPhone.Deploy.0 = Release|Any CPU
		{C038F844-CBBB-4A87-86CE-A2EE57040E36}.Release|iPhoneSimulator.ActiveCfg = Release|Any CPU
		{C038F844-CBBB-4A87-86CE-A2EE57040E36}.Release|iPhoneSimulator.Build.0 = Release|Any CPU
		{C038F844-CBBB-4A87-86CE-A2EE57040E36}.Release|iPhoneSimulator.Deploy.0 = Release|Any CPU
		{CC100190-0DA2-4091-9350-D4510B9F3291}.Debug|Any CPU.ActiveCfg = Debug|iPhone
		{CC100190-0DA2-4091-9350-D4510B9F3291}.Debug|Any CPU.Build.0 = Debug|iPhone
		{CC100190-0DA2-4091-9350-D4510B9F3291}.Debug|Any CPU.Deploy.0 = Debug|iPhone
		{CC100190-0DA2-4091-9350-D4510B9F3291}.Debug|iPhone.ActiveCfg = Debug|iPhone
		{CC100190-0DA2-4091-9350-D4510B9F3291}.Debug|iPhone.Build.0 = Debug|iPhone
		{CC100190-0DA2-4091-9350-D4510B9F3291}.Debug|iPhone.Deploy.0 = Debug|iPhone
		{CC100190-0DA2-4091-9350-D4510B9F3291}.Debug|iPhoneSimulator.ActiveCfg = Debug|iPhoneSimulator
		{CC100190-0DA2-4091-9350-D4510B9F3291}.Debug|iPhoneSimulator.Build.0 = Debug|iPhoneSimulator
		{CC100190-0DA2-4091-9350-D4510B9F3291}.Debug|iPhoneSimulator.Deploy.0 = Debug|iPhoneSimulator
		{CC100190-0DA2-4091-9350-D4510B9F3291}.Release|Any CPU.ActiveCfg = Release|iPhoneSimulator
		{CC100190-0DA2-4091-9350-D4510B9F3291}.Release|Any CPU.Build.0 = Release|iPhoneSimulator
		{CC100190-0DA2-4091-9350-D4510B9F3291}.Release|Any CPU.Deploy.0 = Release|iPhoneSimulator
		{CC100190-0DA2-4091-9350-D4510B9F3291}.Release|iPhone.ActiveCfg = Release|iPhone
		{CC100190-0DA2-4091-9350-D4510B9F3291}.Release|iPhone.Build.0 = Release|iPhone
		{CC100190-0DA2-4091-9350-D4510B9F3291}.Release|iPhone.Deploy.0 = Release|iPhone
		{CC100190-0DA2-4091-9350-D4510B9F3291}.Release|iPhoneSimulator.ActiveCfg = Release|iPhoneSimulator
		{CC100190-0DA2-4091-9350-D4510B9F3291}.Release|iPhoneSimulator.Build.0 = Release|iPhoneSimulator
		{CC100190-0DA2-4091-9350-D4510B9F3291}.Release|iPhoneSimulator.Deploy.0 = Release|iPhoneSimulator
		{09C07595-8CDC-4582-881D-01B46F95FE33}.Debug|Any CPU.ActiveCfg = Debug|Any CPU
		{09C07595-8CDC-4582-881D-01B46F95FE33}.Debug|Any CPU.Build.0 = Debug|Any CPU
		{09C07595-8CDC-4582-881D-01B46F95FE33}.Debug|Any CPU.Deploy.0 = Debug|Any CPU
		{09C07595-8CDC-4582-881D-01B46F95FE33}.Debug|iPhone.ActiveCfg = Debug|Any CPU
		{09C07595-8CDC-4582-881D-01B46F95FE33}.Debug|iPhone.Build.0 = Debug|Any CPU
		{09C07595-8CDC-4582-881D-01B46F95FE33}.Debug|iPhone.Deploy.0 = Debug|Any CPU
		{09C07595-8CDC-4582-881D-01B46F95FE33}.Debug|iPhoneSimulator.ActiveCfg = Debug|Any CPU
		{09C07595-8CDC-4582-881D-01B46F95FE33}.Debug|iPhoneSimulator.Build.0 = Debug|Any CPU
		{09C07595-8CDC-4582-881D-01B46F95FE33}.Debug|iPhoneSimulator.Deploy.0 = Debug|Any CPU
		{09C07595-8CDC-4582-881D-01B46F95FE33}.Release|Any CPU.ActiveCfg = Release|Any CPU
		{09C07595-8CDC-4582-881D-01B46F95FE33}.Release|Any CPU.Build.0 = Release|Any CPU
		{09C07595-8CDC-4582-881D-01B46F95FE33}.Release|Any CPU.Deploy.0 = Release|Any CPU
		{09C07595-8CDC-4582-881D-01B46F95FE33}.Release|iPhone.ActiveCfg = Release|Any CPU
		{09C07595-8CDC-4582-881D-01B46F95FE33}.Release|iPhone.Build.0 = Release|Any CPU
		{09C07595-8CDC-4582-881D-01B46F95FE33}.Release|iPhone.Deploy.0 = Release|Any CPU
		{09C07595-8CDC-4582-881D-01B46F95FE33}.Release|iPhoneSimulator.ActiveCfg = Release|Any CPU
		{09C07595-8CDC-4582-881D-01B46F95FE33}.Release|iPhoneSimulator.Build.0 = Release|Any CPU
		{09C07595-8CDC-4582-881D-01B46F95FE33}.Release|iPhoneSimulator.Deploy.0 = Release|Any CPU
	EndGlobalSection
	GlobalSection(SolutionProperties) = preSolution
		HideSolutionNode = FALSE
	EndGlobalSection
	GlobalSection(ExtensibilityGlobals) = postSolution
		SolutionGuid = {D48C44B7-7459-4F5D-879F-9BA7F4D52102}
	EndGlobalSection
EndGlobal
